
Microsoft Visual Studio Solution File, Format Version 12.00
# Visual Studio Version 17
VisualStudioVersion = 17.3.32922.545
MinimumVisualStudioVersion = 10.0.40219.1
Project("{FAE04EC0-301F-11D3-BF4B-00C04F79EFBC}") = "Bank Account", "Bank Account\Bank Account.csproj", "{9B204D9C-C20C-41AD-9867-7FC420155E28}"
EndProject
Global
	GlobalSection(SolutionConfigurationPlatforms) = preSolution
		Debug|Any CPU = Debug|Any CPU
		Release|Any CPU = Release|Any CPU
	EndGlobalSection
	GlobalSection(ProjectConfigurationPlatforms) = postSolution
		{9B204D9C-C20C-41AD-9867-7FC420155E28}.Debug|Any CPU.ActiveCfg = Debug|Any CPU
		{9B204D9C-C20C-41AD-9867-7FC420155E28}.Debug|Any CPU.Build.0 = Debug|Any CPU
		{9B204D9C-C20C-41AD-9867-7FC420155E28}.Release|Any CPU.ActiveCfg = Release|Any CPU
		{9B204D9C-C20C-41AD-9867-7FC420155E28}.Release|Any CPU.Build.0 = Release|Any CPU
	EndGlobalSection
	GlobalSection(SolutionProperties) = preSolution
		HideSolutionNode = FALSE
	EndGlobalSection
	GlobalSection(ExtensibilityGlobals) = postSolution
		SolutionGuid = {81754F4C-27DF-4E71-B9B0-4C257E26B49B}
	EndGlobalSection
EndGlobal
